// !$*UTF8*$!
{
	archiveVersion = 1;
	classes = {
	};
	objectVersion = 46;
	objects = {

/* Begin PBXBuildFile section */
		6309846417C28138006F69E3 /* PGNTokenizer_Tests.mm in Sources */ = {isa = PBXBuildFile; fileRef = 6309846317C28137006F69E3 /* PGNTokenizer_Tests.mm */; };
		631573AB17C61E5700E66A6E /* PGNTokenizer.cpp in Sources */ = {isa = PBXBuildFile; fileRef = 631573AA17C61E5700E66A6E /* PGNTokenizer.cpp */; };
		631573AC17C61E5700E66A6E /* PGNTokenizer.cpp in Sources */ = {isa = PBXBuildFile; fileRef = 631573AA17C61E5700E66A6E /* PGNTokenizer.cpp */; };
		631573AE17C6225000E66A6E /* PGNVariationFactory.cpp in Sources */ = {isa = PBXBuildFile; fileRef = 631573AD17C6225000E66A6E /* PGNVariationFactory.cpp */; };
		631573AF17C6225000E66A6E /* PGNVariationFactory.cpp in Sources */ = {isa = PBXBuildFile; fileRef = 631573AD17C6225000E66A6E /* PGNVariationFactory.cpp */; };
		631FE87217C8A77400265B36 /* zero_castling_00.pgn in Resources */ = {isa = PBXBuildFile; fileRef = 631FE87017C8A77400265B36 /* zero_castling_00.pgn */; };
		631FE87317C8A77400265B36 /* zero_castling_000.pgn in Resources */ = {isa = PBXBuildFile; fileRef = 631FE87117C8A77400265B36 /* zero_castling_000.pgn */; };
		63266C8E17C868A70080D3DF /* ComplexGames_Tests.mm in Sources */ = {isa = PBXBuildFile; fileRef = 63266C8D17C868A70080D3DF /* ComplexGames_Tests.mm */; };
		63266C9317C868D80080D3DF /* complex games in Resources */ = {isa = PBXBuildFile; fileRef = 63266C9217C868D80080D3DF /* complex games */; };
		63266C9517C87E360080D3DF /* zero_castling.pgn in Resources */ = {isa = PBXBuildFile; fileRef = 63266C9417C87E360080D3DF /* zero_castling.pgn */; };
		635B407017C485A200D6BAE0 /* libChessFrameworkLibrary.a in Frameworks */ = {isa = PBXBuildFile; fileRef = 635B406F17C4859600D6BAE0 /* libChessFrameworkLibrary.a */; };
		635B407117C485C600D6BAE0 /* libChessFrameworkLibrary.a in Frameworks */ = {isa = PBXBuildFile; fileRef = 635B406F17C4859600D6BAE0 /* libChessFrameworkLibrary.a */; };
		636ED92817B96F3100A24276 /* 1.pgn in Resources */ = {isa = PBXBuildFile; fileRef = 636ED92717B96F3100A24276 /* 1.pgn */; };
		636FDA6317B678B9006BBAAD /* main.cpp in Sources */ = {isa = PBXBuildFile; fileRef = 636FDA6217B678B9006BBAAD /* main.cpp */; };
		636FDA6517B678B9006BBAAD /* PGN_Reader.1 in CopyFiles */ = {isa = PBXBuildFile; fileRef = 636FDA6417B678B9006BBAAD /* PGN_Reader.1 */; };
		636FDA7217B678CA006BBAAD /* XCTest.framework in Frameworks */ = {isa = PBXBuildFile; fileRef = 636FDA7117B678CA006BBAAD /* XCTest.framework */; };
		636FDA7817B678CA006BBAAD /* InfoPlist.strings in Resources */ = {isa = PBXBuildFile; fileRef = 636FDA7617B678CA006BBAAD /* InfoPlist.strings */; };
		636FDA8417B727B2006BBAAD /* PGNFile_Tests.mm in Sources */ = {isa = PBXBuildFile; fileRef = 636FDA8317B727B2006BBAAD /* PGNFile_Tests.mm */; };
		636FDA8717B751B8006BBAAD /* empty_file.pgn in Resources */ = {isa = PBXBuildFile; fileRef = 636FDA8617B751B8006BBAAD /* empty_file.pgn */; };
		636FDA8A17B751F2006BBAAD /* test_file_1.pgn in Resources */ = {isa = PBXBuildFile; fileRef = 636FDA8917B751F2006BBAAD /* test_file_1.pgn */; };
		636FDA8C17B75235006BBAAD /* premature_eof.pgn in Resources */ = {isa = PBXBuildFile; fileRef = 636FDA8B17B75235006BBAAD /* premature_eof.pgn */; };
		636FDA8E17B752C6006BBAAD /* all_term_markers.pgn in Resources */ = {isa = PBXBuildFile; fileRef = 636FDA8D17B752C6006BBAAD /* all_term_markers.pgn */; };
		636FDA9017B7580A006BBAAD /* game_termination_inside_comment.pgn in Resources */ = {isa = PBXBuildFile; fileRef = 636FDA8F17B7580A006BBAAD /* game_termination_inside_comment.pgn */; };
		636FDA9317B75902006BBAAD /* PGNFile.cpp in Sources */ = {isa = PBXBuildFile; fileRef = 636FDA9117B75902006BBAAD /* PGNFile.cpp */; };
		636FDA9417B75902006BBAAD /* PGNFile.cpp in Sources */ = {isa = PBXBuildFile; fileRef = 636FDA9117B75902006BBAAD /* PGNFile.cpp */; };
		63972FED17BF893A004A323C /* PGNGame.cpp in Sources */ = {isa = PBXBuildFile; fileRef = 63972FEB17BF893A004A323C /* PGNGame.cpp */; };
		63972FEE17BF893A004A323C /* PGNGame.cpp in Sources */ = {isa = PBXBuildFile; fileRef = 63972FEB17BF893A004A323C /* PGNGame.cpp */; };
		63972FF017BFB7C2004A323C /* PGNGame_Tests.mm in Sources */ = {isa = PBXBuildFile; fileRef = 63972FEF17BFB7C2004A323C /* PGNGame_Tests.mm */; };
		639ADC7317C090B5005EC165 /* test_file_2_CRLF.pgn in Resources */ = {isa = PBXBuildFile; fileRef = 639ADC7217C090B5005EC165 /* test_file_2_CRLF.pgn */; };
		639ADC7517C09369005EC165 /* no_moves.pgn in Resources */ = {isa = PBXBuildFile; fileRef = 639ADC7417C09369005EC165 /* no_moves.pgn */; };
		639ADC7717C0939A005EC165 /* orphaned_comment.pgn in Resources */ = {isa = PBXBuildFile; fileRef = 639ADC7617C0939A005EC165 /* orphaned_comment.pgn */; };
		63AEF8C617C4DDDC000983E7 /* PGNMove.cpp in Sources */ = {isa = PBXBuildFile; fileRef = 63AEF8C417C4DDDC000983E7 /* PGNMove.cpp */; };
		63AEF8C717C4DDDC000983E7 /* PGNMove.cpp in Sources */ = {isa = PBXBuildFile; fileRef = 63AEF8C417C4DDDC000983E7 /* PGNMove.cpp */; };
		63AEF8CD17C4E405000983E7 /* PGNVariation.cpp in Sources */ = {isa = PBXBuildFile; fileRef = 63AEF8CB17C4E405000983E7 /* PGNVariation.cpp */; };
		63AEF8CE17C4E405000983E7 /* PGNVariation.cpp in Sources */ = {isa = PBXBuildFile; fileRef = 63AEF8CB17C4E405000983E7 /* PGNVariation.cpp */; };
/* End PBXBuildFile section */

/* Begin PBXContainerItemProxy section */
		635B406A17C4859600D6BAE0 /* PBXContainerItemProxy */ = {
			isa = PBXContainerItemProxy;
			containerPortal = 635B406417C4859600D6BAE0 /* ChessFramework.xcodeproj */;
			proxyType = 2;
			remoteGlobalIDString = 63791944179A6784000C98E2;
			remoteInfo = ChessFramework;
		};
		635B406C17C4859600D6BAE0 /* PBXContainerItemProxy */ = {
			isa = PBXContainerItemProxy;
			containerPortal = 635B406417C4859600D6BAE0 /* ChessFramework.xcodeproj */;
			proxyType = 2;
			remoteGlobalIDString = EDD926DE179DB4BA00225C0A;
			remoteInfo = "ChessFramework Tests";
		};
		635B406E17C4859600D6BAE0 /* PBXContainerItemProxy */ = {
			isa = PBXContainerItemProxy;
			containerPortal = 635B406417C4859600D6BAE0 /* ChessFramework.xcodeproj */;
			proxyType = 2;
			remoteGlobalIDString = 635B405817C484DA00D6BAE0;
			remoteInfo = ChessFrameworkLibrary;
		};
		636FDA7C17B678CA006BBAAD /* PBXContainerItemProxy */ = {
			isa = PBXContainerItemProxy;
			containerPortal = 636FDA5717B678B9006BBAAD /* Project object */;
			proxyType = 1;
			remoteGlobalIDString = 636FDA5E17B678B9006BBAAD;
			remoteInfo = "PGN Reader";
		};
/* End PBXContainerItemProxy section */

/* Begin PBXCopyFilesBuildPhase section */
		636FDA5D17B678B9006BBAAD /* CopyFiles */ = {
			isa = PBXCopyFilesBuildPhase;
			buildActionMask = 2147483647;
			dstPath = /usr/share/man/man1/;
			dstSubfolderSpec = 0;
			files = (
				636FDA6517B678B9006BBAAD /* PGN_Reader.1 in CopyFiles */,
			);
			runOnlyForDeploymentPostprocessing = 1;
		};
/* End PBXCopyFilesBuildPhase section */

/* Begin PBXFileReference section */
		63028D9E17C529BF008BC1DF /* PGNVariationFactory.h */ = {isa = PBXFileReference; lastKnownFileType = sourcecode.c.h; path = PGNVariationFactory.h; sourceTree = "<group>"; };
		6309846317C28137006F69E3 /* PGNTokenizer_Tests.mm */ = {isa = PBXFileReference; fileEncoding = 4; lastKnownFileType = sourcecode.cpp.objcpp; path = PGNTokenizer_Tests.mm; sourceTree = "<group>"; };
		631573A617C61D8700E66A6E /* PGNTokenizer.h */ = {isa = PBXFileReference; lastKnownFileType = sourcecode.c.h; path = PGNTokenizer.h; sourceTree = "<group>"; };
		631573AA17C61E5700E66A6E /* PGNTokenizer.cpp */ = {isa = PBXFileReference; fileEncoding = 4; lastKnownFileType = sourcecode.cpp.cpp; path = PGNTokenizer.cpp; sourceTree = "<group>"; };
		631573AD17C6225000E66A6E /* PGNVariationFactory.cpp */ = {isa = PBXFileReference; fileEncoding = 4; lastKnownFileType = sourcecode.cpp.cpp; path = PGNVariationFactory.cpp; sourceTree = "<group>"; };
		631573B017C62F2B00E66A6E /* PGNException.h */ = {isa = PBXFileReference; lastKnownFileType = sourcecode.c.h; path = PGNException.h; sourceTree = "<group>"; };
		631FE87017C8A77400265B36 /* zero_castling_00.pgn */ = {isa = PBXFileReference; fileEncoding = 4; lastKnownFileType = text; path = zero_castling_00.pgn; sourceTree = "<group>"; };
		631FE87117C8A77400265B36 /* zero_castling_000.pgn */ = {isa = PBXFileReference; fileEncoding = 4; lastKnownFileType = text; path = zero_castling_000.pgn; sourceTree = "<group>"; };
		63266C8D17C868A70080D3DF /* ComplexGames_Tests.mm */ = {isa = PBXFileReference; fileEncoding = 4; lastKnownFileType = sourcecode.cpp.objcpp; path = ComplexGames_Tests.mm; sourceTree = "<group>"; };
		63266C9217C868D80080D3DF /* complex games */ = {isa = PBXFileReference; lastKnownFileType = folder; path = "complex games"; sourceTree = "<group>"; };
		63266C9417C87E360080D3DF /* zero_castling.pgn */ = {isa = PBXFileReference; fileEncoding = 4; lastKnownFileType = text; path = zero_castling.pgn; sourceTree = "<group>"; };
		635B406417C4859600D6BAE0 /* ChessFramework.xcodeproj */ = {isa = PBXFileReference; lastKnownFileType = "wrapper.pb-project"; name = ChessFramework.xcodeproj; path = ../ChessFramework/ChessFramework/ChessFramework.xcodeproj; sourceTree = "<group>"; };
		636ED92717B96F3100A24276 /* 1.pgn */ = {isa = PBXFileReference; fileEncoding = 4; lastKnownFileType = text; path = 1.pgn; sourceTree = "<group>"; };
		636FDA5F17B678B9006BBAAD /* PGN Reader */ = {isa = PBXFileReference; explicitFileType = "compiled.mach-o.executable"; includeInIndex = 0; path = "PGN Reader"; sourceTree = BUILT_PRODUCTS_DIR; };
		636FDA6217B678B9006BBAAD /* main.cpp */ = {isa = PBXFileReference; lastKnownFileType = sourcecode.cpp.cpp; path = main.cpp; sourceTree = "<group>"; };
		636FDA6417B678B9006BBAAD /* PGN_Reader.1 */ = {isa = PBXFileReference; lastKnownFileType = text.man; path = PGN_Reader.1; sourceTree = "<group>"; };
		636FDA6F17B678CA006BBAAD /* PGN Reader Tests.xctest */ = {isa = PBXFileReference; explicitFileType = wrapper.cfbundle; includeInIndex = 0; path = "PGN Reader Tests.xctest"; sourceTree = BUILT_PRODUCTS_DIR; };
		636FDA7117B678CA006BBAAD /* XCTest.framework */ = {isa = PBXFileReference; lastKnownFileType = wrapper.framework; name = XCTest.framework; path = Library/Frameworks/XCTest.framework; sourceTree = DEVELOPER_DIR; };
		636FDA7517B678CA006BBAAD /* PGN Reader Tests-Info.plist */ = {isa = PBXFileReference; lastKnownFileType = text.plist.xml; path = "PGN Reader Tests-Info.plist"; sourceTree = "<group>"; };
		636FDA7717B678CA006BBAAD /* en */ = {isa = PBXFileReference; lastKnownFileType = text.plist.strings; name = en; path = en.lproj/InfoPlist.strings; sourceTree = "<group>"; };
		636FDA7B17B678CA006BBAAD /* PGN Reader Tests-Prefix.pch */ = {isa = PBXFileReference; lastKnownFileType = sourcecode.c.h; path = "PGN Reader Tests-Prefix.pch"; sourceTree = "<group>"; };
		636FDA8317B727B2006BBAAD /* PGNFile_Tests.mm */ = {isa = PBXFileReference; fileEncoding = 4; lastKnownFileType = sourcecode.cpp.objcpp; path = PGNFile_Tests.mm; sourceTree = "<group>"; };
		636FDA8517B72960006BBAAD /* CPPTest.h */ = {isa = PBXFileReference; fileEncoding = 4; lastKnownFileType = sourcecode.c.h; path = CPPTest.h; sourceTree = "<group>"; };
		636FDA8617B751B8006BBAAD /* empty_file.pgn */ = {isa = PBXFileReference; fileEncoding = 4; lastKnownFileType = text; path = empty_file.pgn; sourceTree = "<group>"; };
		636FDA8917B751F2006BBAAD /* test_file_1.pgn */ = {isa = PBXFileReference; fileEncoding = 4; lastKnownFileType = text; path = test_file_1.pgn; sourceTree = "<group>"; };
		636FDA8B17B75235006BBAAD /* premature_eof.pgn */ = {isa = PBXFileReference; fileEncoding = 4; lastKnownFileType = text; path = premature_eof.pgn; sourceTree = "<group>"; };
		636FDA8D17B752C6006BBAAD /* all_term_markers.pgn */ = {isa = PBXFileReference; fileEncoding = 4; lastKnownFileType = text; path = all_term_markers.pgn; sourceTree = "<group>"; };
		636FDA8F17B7580A006BBAAD /* game_termination_inside_comment.pgn */ = {isa = PBXFileReference; fileEncoding = 4; lastKnownFileType = text; path = game_termination_inside_comment.pgn; sourceTree = "<group>"; };
		636FDA9117B75902006BBAAD /* PGNFile.cpp */ = {isa = PBXFileReference; fileEncoding = 4; lastKnownFileType = sourcecode.cpp.cpp; path = PGNFile.cpp; sourceTree = "<group>"; };
		636FDA9217B75902006BBAAD /* PGNFile.h */ = {isa = PBXFileReference; fileEncoding = 4; lastKnownFileType = sourcecode.c.h; path = PGNFile.h; sourceTree = "<group>"; };
		636FF78D17D0CB2000B47925 /* PGNReader.h */ = {isa = PBXFileReference; lastKnownFileType = sourcecode.c.h; path = PGNReader.h; sourceTree = "<group>"; };
		63972FEB17BF893A004A323C /* PGNGame.cpp */ = {isa = PBXFileReference; fileEncoding = 4; lastKnownFileType = sourcecode.cpp.cpp; path = PGNGame.cpp; sourceTree = "<group>"; };
		63972FEC17BF893A004A323C /* PGNGame.h */ = {isa = PBXFileReference; fileEncoding = 4; lastKnownFileType = sourcecode.c.h; path = PGNGame.h; sourceTree = "<group>"; };
		63972FEF17BFB7C2004A323C /* PGNGame_Tests.mm */ = {isa = PBXFileReference; fileEncoding = 4; lastKnownFileType = sourcecode.cpp.objcpp; path = PGNGame_Tests.mm; sourceTree = "<group>"; };
		639ADC7217C090B5005EC165 /* test_file_2_CRLF.pgn */ = {isa = PBXFileReference; fileEncoding = 4; lastKnownFileType = text; path = test_file_2_CRLF.pgn; sourceTree = "<group>"; };
		639ADC7417C09369005EC165 /* no_moves.pgn */ = {isa = PBXFileReference; fileEncoding = 4; lastKnownFileType = text; path = no_moves.pgn; sourceTree = "<group>"; };
		639ADC7617C0939A005EC165 /* orphaned_comment.pgn */ = {isa = PBXFileReference; fileEncoding = 4; lastKnownFileType = text; path = orphaned_comment.pgn; sourceTree = "<group>"; };
		63AEF8C417C4DDDC000983E7 /* PGNMove.cpp */ = {isa = PBXFileReference; fileEncoding = 4; lastKnownFileType = sourcecode.cpp.cpp; path = PGNMove.cpp; sourceTree = "<group>"; };
		63AEF8C517C4DDDC000983E7 /* PGNMove.h */ = {isa = PBXFileReference; fileEncoding = 4; lastKnownFileType = sourcecode.c.h; path = PGNMove.h; sourceTree = "<group>"; };
		63AEF8CB17C4E405000983E7 /* PGNVariation.cpp */ = {isa = PBXFileReference; fileEncoding = 4; lastKnownFileType = sourcecode.cpp.cpp; path = PGNVariation.cpp; sourceTree = "<group>"; };
		63AEF8CC17C4E405000983E7 /* PGNVariation.h */ = {isa = PBXFileReference; fileEncoding = 4; lastKnownFileType = sourcecode.c.h; path = PGNVariation.h; sourceTree = "<group>"; };
		63E18E4417C7C8EA007A6809 /* commented_game.pgn */ = {isa = PBXFileReference; lastKnownFileType = text; path = commented_game.pgn; sourceTree = "<group>"; };
/* End PBXFileReference section */

/* Begin PBXFrameworksBuildPhase section */
		636FDA5C17B678B9006BBAAD /* Frameworks */ = {
			isa = PBXFrameworksBuildPhase;
			buildActionMask = 2147483647;
			files = (
				635B407117C485C600D6BAE0 /* libChessFrameworkLibrary.a in Frameworks */,
			);
			runOnlyForDeploymentPostprocessing = 0;
		};
		636FDA6C17B678CA006BBAAD /* Frameworks */ = {
			isa = PBXFrameworksBuildPhase;
			buildActionMask = 2147483647;
			files = (
				635B407017C485A200D6BAE0 /* libChessFrameworkLibrary.a in Frameworks */,
				636FDA7217B678CA006BBAAD /* XCTest.framework in Frameworks */,
			);
			runOnlyForDeploymentPostprocessing = 0;
		};
/* End PBXFrameworksBuildPhase section */

/* Begin PBXGroup section */
		635B406517C4859600D6BAE0 /* Products */ = {
			isa = PBXGroup;
			children = (
				635B406B17C4859600D6BAE0 /* ChessFramework */,
				635B406D17C4859600D6BAE0 /* ChessFramework Tests.xctest */,
				635B406F17C4859600D6BAE0 /* libChessFrameworkLibrary.a */,
			);
			name = Products;
			sourceTree = "<group>";
		};
		636FDA5617B678B9006BBAAD = {
			isa = PBXGroup;
			children = (
				635B406417C4859600D6BAE0 /* ChessFramework.xcodeproj */,
				636FDA6117B678B9006BBAAD /* PGN Reader */,
				636FDA7317B678CA006BBAAD /* PGN Reader Tests */,
				636FDA7017B678CA006BBAAD /* Frameworks */,
				636FDA6017B678B9006BBAAD /* Products */,
			);
			sourceTree = "<group>";
		};
		636FDA6017B678B9006BBAAD /* Products */ = {
			isa = PBXGroup;
			children = (
				636FDA5F17B678B9006BBAAD /* PGN Reader */,
				636FDA6F17B678CA006BBAAD /* PGN Reader Tests.xctest */,
			);
			name = Products;
			sourceTree = "<group>";
		};
		636FDA6117B678B9006BBAAD /* PGN Reader */ = {
			isa = PBXGroup;
			children = (
				636FDA6217B678B9006BBAAD /* main.cpp */,
				636FDA6417B678B9006BBAAD /* PGN_Reader.1 */,
				631573B017C62F2B00E66A6E /* PGNException.h */,
				636FDA9117B75902006BBAAD /* PGNFile.cpp */,
				636FDA9217B75902006BBAAD /* PGNFile.h */,
				63972FEB17BF893A004A323C /* PGNGame.cpp */,
				63972FEC17BF893A004A323C /* PGNGame.h */,
				63AEF8C417C4DDDC000983E7 /* PGNMove.cpp */,
				63AEF8C517C4DDDC000983E7 /* PGNMove.h */,
				63AEF8CB17C4E405000983E7 /* PGNVariation.cpp */,
				63AEF8CC17C4E405000983E7 /* PGNVariation.h */,
				631573AD17C6225000E66A6E /* PGNVariationFactory.cpp */,
				63028D9E17C529BF008BC1DF /* PGNVariationFactory.h */,
				631573AA17C61E5700E66A6E /* PGNTokenizer.cpp */,
				631573A617C61D8700E66A6E /* PGNTokenizer.h */,
				636FF78D17D0CB2000B47925 /* PGNReader.h */,
			);
			path = "PGN Reader";
			sourceTree = "<group>";
		};
		636FDA7017B678CA006BBAAD /* Frameworks */ = {
			isa = PBXGroup;
			children = (
				636FDA7117B678CA006BBAAD /* XCTest.framework */,
			);
			name = Frameworks;
			sourceTree = "<group>";
		};
		636FDA7317B678CA006BBAAD /* PGN Reader Tests */ = {
			isa = PBXGroup;
			children = (
				63266C9217C868D80080D3DF /* complex games */,
				636FDA8817B751C5006BBAAD /* PGN Test Files */,
				636FDA8517B72960006BBAAD /* CPPTest.h */,
				636FDA7417B678CA006BBAAD /* Supporting Files */,
				636FDA8317B727B2006BBAAD /* PGNFile_Tests.mm */,
				63972FEF17BFB7C2004A323C /* PGNGame_Tests.mm */,
				6309846317C28137006F69E3 /* PGNTokenizer_Tests.mm */,
				63266C8D17C868A70080D3DF /* ComplexGames_Tests.mm */,
			);
			path = "PGN Reader Tests";
			sourceTree = "<group>";
		};
		636FDA7417B678CA006BBAAD /* Supporting Files */ = {
			isa = PBXGroup;
			children = (
				636FDA7517B678CA006BBAAD /* PGN Reader Tests-Info.plist */,
				636FDA7617B678CA006BBAAD /* InfoPlist.strings */,
				636FDA7B17B678CA006BBAAD /* PGN Reader Tests-Prefix.pch */,
			);
			name = "Supporting Files";
			sourceTree = "<group>";
		};
		636FDA8817B751C5006BBAAD /* PGN Test Files */ = {
			isa = PBXGroup;
			children = (
				63266C9417C87E360080D3DF /* zero_castling.pgn */,
				631FE87017C8A77400265B36 /* zero_castling_00.pgn */,
				631FE87117C8A77400265B36 /* zero_castling_000.pgn */,
				639ADC7417C09369005EC165 /* no_moves.pgn */,
				636ED92717B96F3100A24276 /* 1.pgn */,
				636FDA8617B751B8006BBAAD /* empty_file.pgn */,
				636FDA8917B751F2006BBAAD /* test_file_1.pgn */,
				639ADC7217C090B5005EC165 /* test_file_2_CRLF.pgn */,
				636FDA8B17B75235006BBAAD /* premature_eof.pgn */,
				636FDA8D17B752C6006BBAAD /* all_term_markers.pgn */,
				639ADC7617C0939A005EC165 /* orphaned_comment.pgn */,
				63E18E4417C7C8EA007A6809 /* commented_game.pgn */,
				636FDA8F17B7580A006BBAAD /* game_termination_inside_comment.pgn */,
			);
			name = "PGN Test Files";
			sourceTree = "<group>";
		};
/* End PBXGroup section */

/* Begin PBXNativeTarget section */
		636FDA5E17B678B9006BBAAD /* PGN Reader */ = {
			isa = PBXNativeTarget;
			buildConfigurationList = 636FDA6817B678B9006BBAAD /* Build configuration list for PBXNativeTarget "PGN Reader" */;
			buildPhases = (
				636FDA5B17B678B9006BBAAD /* Sources */,
				636FDA5C17B678B9006BBAAD /* Frameworks */,
				636FDA5D17B678B9006BBAAD /* CopyFiles */,
			);
			buildRules = (
			);
			dependencies = (
			);
			name = "PGN Reader";
			productName = "PGN Reader";
			productReference = 636FDA5F17B678B9006BBAAD /* PGN Reader */;
			productType = "com.apple.product-type.tool";
		};
		636FDA6E17B678CA006BBAAD /* PGN Reader Tests */ = {
			isa = PBXNativeTarget;
			buildConfigurationList = 636FDA7E17B678CA006BBAAD /* Build configuration list for PBXNativeTarget "PGN Reader Tests" */;
			buildPhases = (
				636FDA6B17B678CA006BBAAD /* Sources */,
				636FDA6C17B678CA006BBAAD /* Frameworks */,
				636FDA6D17B678CA006BBAAD /* Resources */,
			);
			buildRules = (
			);
			dependencies = (
				636FDA7D17B678CA006BBAAD /* PBXTargetDependency */,
			);
			name = "PGN Reader Tests";
			productName = "PGN Reader Tests";
			productReference = 636FDA6F17B678CA006BBAAD /* PGN Reader Tests.xctest */;
			productType = "com.apple.product-type.bundle.unit-test";
		};
/* End PBXNativeTarget section */

/* Begin PBXProject section */
		636FDA5717B678B9006BBAAD /* Project object */ = {
			isa = PBXProject;
			attributes = {
				LastUpgradeCheck = 0500;
				ORGANIZATIONNAME = 64cloud;
				TargetAttributes = {
					636FDA6E17B678CA006BBAAD = {
						TestTargetID = 636FDA5E17B678B9006BBAAD;
					};
				};
			};
			buildConfigurationList = 636FDA5A17B678B9006BBAAD /* Build configuration list for PBXProject "PGN Reader" */;
			compatibilityVersion = "Xcode 3.2";
			developmentRegion = English;
			hasScannedForEncodings = 0;
			knownRegions = (
				en,
			);
			mainGroup = 636FDA5617B678B9006BBAAD;
			productRefGroup = 636FDA6017B678B9006BBAAD /* Products */;
			projectDirPath = "";
			projectReferences = (
				{
					ProductGroup = 635B406517C4859600D6BAE0 /* Products */;
					ProjectRef = 635B406417C4859600D6BAE0 /* ChessFramework.xcodeproj */;
				},
			);
			projectRoot = "";
			targets = (
				636FDA5E17B678B9006BBAAD /* PGN Reader */,
				636FDA6E17B678CA006BBAAD /* PGN Reader Tests */,
			);
		};
/* End PBXProject section */

/* Begin PBXReferenceProxy section */
		635B406B17C4859600D6BAE0 /* ChessFramework */ = {
			isa = PBXReferenceProxy;
			fileType = "compiled.mach-o.executable";
			path = ChessFramework;
			remoteRef = 635B406A17C4859600D6BAE0 /* PBXContainerItemProxy */;
			sourceTree = BUILT_PRODUCTS_DIR;
		};
		635B406D17C4859600D6BAE0 /* ChessFramework Tests.xctest */ = {
			isa = PBXReferenceProxy;
			fileType = wrapper.cfbundle;
			path = "ChessFramework Tests.xctest";
			remoteRef = 635B406C17C4859600D6BAE0 /* PBXContainerItemProxy */;
			sourceTree = BUILT_PRODUCTS_DIR;
		};
		635B406F17C4859600D6BAE0 /* libChessFrameworkLibrary.a */ = {
			isa = PBXReferenceProxy;
			fileType = archive.ar;
			path = libChessFrameworkLibrary.a;
			remoteRef = 635B406E17C4859600D6BAE0 /* PBXContainerItemProxy */;
			sourceTree = BUILT_PRODUCTS_DIR;
		};
/* End PBXReferenceProxy section */

/* Begin PBXResourcesBuildPhase section */
		636FDA6D17B678CA006BBAAD /* Resources */ = {
			isa = PBXResourcesBuildPhase;
			buildActionMask = 2147483647;
			files = (
				636FDA7817B678CA006BBAAD /* InfoPlist.strings in Resources */,
				636FDA8A17B751F2006BBAAD /* test_file_1.pgn in Resources */,
				636FDA9017B7580A006BBAAD /* game_termination_inside_comment.pgn in Resources */,
				631FE87317C8A77400265B36 /* zero_castling_000.pgn in Resources */,
				636FDA8C17B75235006BBAAD /* premature_eof.pgn in Resources */,
				63266C9517C87E360080D3DF /* zero_castling.pgn in Resources */,
				631FE87217C8A77400265B36 /* zero_castling_00.pgn in Resources */,
				636FDA8E17B752C6006BBAAD /* all_term_markers.pgn in Resources */,
				639ADC7317C090B5005EC165 /* test_file_2_CRLF.pgn in Resources */,
				63266C9317C868D80080D3DF /* complex games in Resources */,
				639ADC7717C0939A005EC165 /* orphaned_comment.pgn in Resources */,
				639ADC7517C09369005EC165 /* no_moves.pgn in Resources */,
				636FDA8717B751B8006BBAAD /* empty_file.pgn in Resources */,
				636ED92817B96F3100A24276 /* 1.pgn in Resources */,
			);
			runOnlyForDeploymentPostprocessing = 0;
		};
/* End PBXResourcesBuildPhase section */

/* Begin PBXSourcesBuildPhase section */
		636FDA5B17B678B9006BBAAD /* Sources */ = {
			isa = PBXSourcesBuildPhase;
			buildActionMask = 2147483647;
			files = (
				63AEF8C617C4DDDC000983E7 /* PGNMove.cpp in Sources */,
				631573AB17C61E5700E66A6E /* PGNTokenizer.cpp in Sources */,
				636FDA6317B678B9006BBAAD /* main.cpp in Sources */,
				631573AE17C6225000E66A6E /* PGNVariationFactory.cpp in Sources */,
				63AEF8CD17C4E405000983E7 /* PGNVariation.cpp in Sources */,
				636FDA9317B75902006BBAAD /* PGNFile.cpp in Sources */,
				63972FED17BF893A004A323C /* PGNGame.cpp in Sources */,
			);
			runOnlyForDeploymentPostprocessing = 0;
		};
		636FDA6B17B678CA006BBAAD /* Sources */ = {
			isa = PBXSourcesBuildPhase;
			buildActionMask = 2147483647;
			files = (
				6309846417C28138006F69E3 /* PGNTokenizer_Tests.mm in Sources */,
				636FDA8417B727B2006BBAAD /* PGNFile_Tests.mm in Sources */,
				636FDA9417B75902006BBAAD /* PGNFile.cpp in Sources */,
				63972FEE17BF893A004A323C /* PGNGame.cpp in Sources */,
				63266C8E17C868A70080D3DF /* ComplexGames_Tests.mm in Sources */,
				63AEF8C717C4DDDC000983E7 /* PGNMove.cpp in Sources */,
				63972FF017BFB7C2004A323C /* PGNGame_Tests.mm in Sources */,
				631573AF17C6225000E66A6E /* PGNVariationFactory.cpp in Sources */,
				63AEF8CE17C4E405000983E7 /* PGNVariation.cpp in Sources */,
				631573AC17C61E5700E66A6E /* PGNTokenizer.cpp in Sources */,
			);
			runOnlyForDeploymentPostprocessing = 0;
		};
/* End PBXSourcesBuildPhase section */

/* Begin PBXTargetDependency section */
		636FDA7D17B678CA006BBAAD /* PBXTargetDependency */ = {
			isa = PBXTargetDependency;
			target = 636FDA5E17B678B9006BBAAD /* PGN Reader */;
			targetProxy = 636FDA7C17B678CA006BBAAD /* PBXContainerItemProxy */;
		};
/* End PBXTargetDependency section */

/* Begin PBXVariantGroup section */
		636FDA7617B678CA006BBAAD /* InfoPlist.strings */ = {
			isa = PBXVariantGroup;
			children = (
				636FDA7717B678CA006BBAAD /* en */,
			);
			name = InfoPlist.strings;
			sourceTree = "<group>";
		};
/* End PBXVariantGroup section */

/* Begin XCBuildConfiguration section */
		636FDA6617B678B9006BBAAD /* Debug */ = {
			isa = XCBuildConfiguration;
			buildSettings = {
				ALWAYS_SEARCH_USER_PATHS = NO;
				CLANG_CXX_LANGUAGE_STANDARD = "gnu++0x";
				CLANG_CXX_LIBRARY = "libc++";
				CLANG_ENABLE_MODULES = YES;
				CLANG_ENABLE_OBJC_ARC = YES;
				CLANG_WARN_BOOL_CONVERSION = YES;
				CLANG_WARN_CONSTANT_CONVERSION = YES;
				CLANG_WARN_DIRECT_OBJC_ISA_USAGE = YES_ERROR;
				CLANG_WARN_EMPTY_BODY = YES;
				CLANG_WARN_ENUM_CONVERSION = YES;
				CLANG_WARN_INT_CONVERSION = YES;
				CLANG_WARN_OBJC_ROOT_CLASS = YES_ERROR;
				CLANG_WARN__DUPLICATE_METHOD_MATCH = YES;
				COPY_PHASE_STRIP = NO;
				GCC_C_LANGUAGE_STANDARD = gnu99;
				GCC_DYNAMIC_NO_PIC = NO;
				GCC_ENABLE_OBJC_EXCEPTIONS = YES;
				GCC_OPTIMIZATION_LEVEL = 0;
				GCC_PREPROCESSOR_DEFINITIONS = (
					"DEBUG=1",
					"$(inherited)",
				);
				GCC_SYMBOLS_PRIVATE_EXTERN = NO;
				GCC_WARN_64_TO_32_BIT_CONVERSION = YES;
				GCC_WARN_ABOUT_RETURN_TYPE = YES_ERROR;
				GCC_WARN_UNDECLARED_SELECTOR = YES;
				GCC_WARN_UNINITIALIZED_AUTOS = YES;
				GCC_WARN_UNUSED_FUNCTION = YES;
				GCC_WARN_UNUSED_VARIABLE = YES;
				MACOSX_DEPLOYMENT_TARGET = 10.8;
				ONLY_ACTIVE_ARCH = YES;
				SDKROOT = macosx;
			};
			name = Debug;
		};
		636FDA6717B678B9006BBAAD /* Release */ = {
			isa = XCBuildConfiguration;
			buildSettings = {
				ALWAYS_SEARCH_USER_PATHS = NO;
				CLANG_CXX_LANGUAGE_STANDARD = "gnu++0x";
				CLANG_CXX_LIBRARY = "libc++";
				CLANG_ENABLE_MODULES = YES;
				CLANG_ENABLE_OBJC_ARC = YES;
				CLANG_WARN_BOOL_CONVERSION = YES;
				CLANG_WARN_CONSTANT_CONVERSION = YES;
				CLANG_WARN_DIRECT_OBJC_ISA_USAGE = YES_ERROR;
				CLANG_WARN_EMPTY_BODY = YES;
				CLANG_WARN_ENUM_CONVERSION = YES;
				CLANG_WARN_INT_CONVERSION = YES;
				CLANG_WARN_OBJC_ROOT_CLASS = YES_ERROR;
				CLANG_WARN__DUPLICATE_METHOD_MATCH = YES;
				COPY_PHASE_STRIP = YES;
				DEBUG_INFORMATION_FORMAT = "dwarf-with-dsym";
				ENABLE_NS_ASSERTIONS = NO;
				GCC_C_LANGUAGE_STANDARD = gnu99;
				GCC_ENABLE_OBJC_EXCEPTIONS = YES;
				GCC_WARN_64_TO_32_BIT_CONVERSION = YES;
				GCC_WARN_ABOUT_RETURN_TYPE = YES_ERROR;
				GCC_WARN_UNDECLARED_SELECTOR = YES;
				GCC_WARN_UNINITIALIZED_AUTOS = YES;
				GCC_WARN_UNUSED_FUNCTION = YES;
				GCC_WARN_UNUSED_VARIABLE = YES;
				MACOSX_DEPLOYMENT_TARGET = 10.8;
				SDKROOT = macosx;
			};
			name = Release;
		};
		636FDA6917B678B9006BBAAD /* Debug */ = {
			isa = XCBuildConfiguration;
			buildSettings = {
				HEADER_SEARCH_PATHS = /Users/santhosbaala/Desktop/Projects/ChessFramework/ChessFramework/ChessFramework;
				PRODUCT_NAME = "$(TARGET_NAME)";
			};
			name = Debug;
		};
		636FDA6A17B678B9006BBAAD /* Release */ = {
			isa = XCBuildConfiguration;
			buildSettings = {
				HEADER_SEARCH_PATHS = /Users/santhosbaala/Desktop/Projects/ChessFramework/ChessFramework/ChessFramework;
				PRODUCT_NAME = "$(TARGET_NAME)";
			};
			name = Release;
		};
		636FDA7F17B678CA006BBAAD /* Debug */ = {
			isa = XCBuildConfiguration;
			buildSettings = {
				FRAMEWORK_SEARCH_PATHS = (
					"$(DEVELOPER_FRAMEWORKS_DIR)",
					"$(inherited)",
				);
				GCC_PRECOMPILE_PREFIX_HEADER = YES;
				GCC_PREFIX_HEADER = "PGN Reader Tests/PGN Reader Tests-Prefix.pch";
				GCC_PREPROCESSOR_DEFINITIONS = (
					"DEBUG=1",
					"$(inherited)",
				);
				HEADER_SEARCH_PATHS = /Users/santhosbaala/Desktop/Projects/ChessFramework/ChessFramework/ChessFramework;
				INFOPLIST_FILE = "PGN Reader Tests/PGN Reader Tests-Info.plist";
				PRODUCT_NAME = "$(TARGET_NAME)";
				WRAPPER_EXTENSION = xctest;
			};
			name = Debug;
		};
		636FDA8017B678CA006BBAAD /* Release */ = {
			isa = XCBuildConfiguration;
			buildSettings = {
				FRAMEWORK_SEARCH_PATHS = (
					"$(DEVELOPER_FRAMEWORKS_DIR)",
					"$(inherited)",
				);
				GCC_PRECOMPILE_PREFIX_HEADER = YES;
				GCC_PREFIX_HEADER = "PGN Reader Tests/PGN Reader Tests-Prefix.pch";
				HEADER_SEARCH_PATHS = /Users/santhosbaala/Desktop/Projects/ChessFramework/ChessFramework/ChessFramework;
				INFOPLIST_FILE = "PGN Reader Tests/PGN Reader Tests-Info.plist";
				PRODUCT_NAME = "$(TARGET_NAME)";
				WRAPPER_EXTENSION = xctest;
			};
			name = Release;
		};
/* End XCBuildConfiguration section */

/* Begin XCConfigurationList section */
		636FDA5A17B678B9006BBAAD /* Build configuration list for PBXProject "PGN Reader" */ = {
			isa = XCConfigurationList;
			buildConfigurations = (
				636FDA6617B678B9006BBAAD /* Debug */,
				636FDA6717B678B9006BBAAD /* Release */,
			);
			defaultConfigurationIsVisible = 0;
			defaultConfigurationName = Release;
		};
		636FDA6817B678B9006BBAAD /* Build configuration list for PBXNativeTarget "PGN Reader" */ = {
			isa = XCConfigurationList;
			buildConfigurations = (
				636FDA6917B678B9006BBAAD /* Debug */,
				636FDA6A17B678B9006BBAAD /* Release */,
			);
			defaultConfigurationIsVisible = 0;
			defaultConfigurationName = Release;
		};
		636FDA7E17B678CA006BBAAD /* Build configuration list for PBXNativeTarget "PGN Reader Tests" */ = {
			isa = XCConfigurationList;
			buildConfigurations = (
				636FDA7F17B678CA006BBAAD /* Debug */,
				636FDA8017B678CA006BBAAD /* Release */,
			);
			defaultConfigurationIsVisible = 0;
			defaultConfigurationName = Release;
		};
/* End XCConfigurationList section */
	};
	rootObject = 636FDA5717B678B9006BBAAD /* Project object */;
}
